# platform: linux-64
# env_hash: e35cb9a9bc037c06edb903fa53147817f3c5670046ebee4814454aedbc4aea92
@EXPLICIT
https://conda.anaconda.org/conda-forge/linux-64/_libgcc_mutex-0.1-conda_forge.tar.bz2#d7c89558ba9fa0495403155b64376d81
https://conda.anaconda.org/conda-forge/linux-64/ca-certificates-2020.6.20-hecda079_0.tar.bz2#1b1cca86e95c416a8e7eb6062af6d503
https://conda.anaconda.org/conda-forge/linux-64/ld_impl_linux-64-2.35-h769bd43_9.tar.bz2#e91fb361f3d158f06546dc87cbe55739
https://conda.anaconda.org/conda-forge/linux-64/libgfortran-ng-7.5.0-hdf63c60_16.tar.bz2#d403b27c431064370f9d1b1962f8a86b
https://conda.anaconda.org/conda-forge/linux-64/libstdcxx-ng-9.3.0-hdf63c60_16.tar.bz2#2c7c23cdad4f42f924d19029ef97475c
https://conda.anaconda.org/conda-forge/linux-64/pandoc-2.10.1-h516909a_0.tar.bz2#8101ef00bcd1e337b62807c3671a64ac
https://conda.anaconda.org/conda-forge/noarch/poppler-data-0.4.9-1.tar.bz2#1fef1ac4c55eec7cde779d89c8d20cc6
https://conda.anaconda.org/conda-forge/linux-64/libgomp-9.3.0-h24d8f2e_16.tar.bz2#48f89ebfddb4ac93e74b0f4ab14c4a13
https://conda.anaconda.org/conda-forge/linux-64/_openmp_mutex-4.5-1_gnu.tar.bz2#561e277319a41d4f24f5c05a9ef63c04
https://conda.anaconda.org/conda-forge/linux-64/libgcc-ng-9.3.0-h24d8f2e_16.tar.bz2#846daf5c2a4dd387047cc5ccc6b9c613
https://conda.anaconda.org/conda-forge/linux-64/bzip2-1.0.8-h516909a_3.tar.bz2#a05ea3fc1a51cf629bd49b481f729ebd
https://conda.anaconda.org/conda-forge/linux-64/c-ares-1.16.1-h516909a_3.tar.bz2#8d0f54b0a09bb496dea3f8dae0c551e4
https://conda.anaconda.org/conda-forge/linux-64/expat-2.2.9-he1b5a44_2.tar.bz2#285f5b5ca3209d492224935affd00aab
https://conda.anaconda.org/conda-forge/linux-64/freexl-1.0.5-h516909a_1002.tar.bz2#c4226170e522c93f336dfe9c88437aeb
https://conda.anaconda.org/conda-forge/linux-64/geos-3.8.1-he1b5a44_0.tar.bz2#7282fbe0c036bacad959c03c05a7eb9a
https://conda.anaconda.org/conda-forge/linux-64/giflib-5.2.1-h516909a_2.tar.bz2#70d777f83639cc2c05334b59a6dc9159
https://conda.anaconda.org/conda-forge/linux-64/icu-64.2-he1b5a44_1.tar.bz2#8e881214a23508f1541eb7a3135d6fcb
https://conda.anaconda.org/conda-forge/linux-64/jpeg-9d-h516909a_0.tar.bz2#aa82d2e6e1fa196bf4addd7ebc71a807
https://conda.anaconda.org/conda-forge/linux-64/json-c-0.13.1-hbfbb72e_1002.tar.bz2#a620e3c958b36503fa21f690178180c6
https://conda.anaconda.org/conda-forge/linux-64/libaec-1.0.4-he1b5a44_1.tar.bz2#ef627970549f6ebd28e4f81d437280a5
https://conda.anaconda.org/conda-forge/linux-64/libev-4.33-h516909a_1.tar.bz2#6f8720dff19e17ce5d48cfe7f3d2f0a3
https://conda.anaconda.org/conda-forge/linux-64/libffi-3.2.1-he1b5a44_1007.tar.bz2#11389072d7d6036fd811c3d9460475cd
https://conda.anaconda.org/conda-forge/linux-64/libiconv-1.16-h516909a_0.tar.bz2#5c0f338a513a2943c659ae619fca9211
https://conda.anaconda.org/conda-forge/linux-64/libopenblas-0.3.10-pthreads_hb3c22a3_4.tar.bz2#8e3914247353e97a184909dbee132bfb
https://conda.anaconda.org/conda-forge/linux-64/libsodium-1.0.18-h516909a_0.tar.bz2#3475e9e7c8c9ead7f75c70b7703cb100
https://conda.anaconda.org/conda-forge/linux-64/libspatialindex-1.9.3-he1b5a44_3.tar.bz2#b711318d56579be188d641eae1b9ca8e
https://conda.anaconda.org/conda-forge/linux-64/libuuid-2.32.1-h14c3975_1000.tar.bz2#39c6326f6ee5297632c47db6520546fe
https://conda.anaconda.org/conda-forge/linux-64/libwebp-base-1.1.0-h516909a_3.tar.bz2#3d543511584978d6e22b6c194ae3b81e
https://conda.anaconda.org/conda-forge/linux-64/lz4-c-1.9.2-he1b5a44_3.tar.bz2#b2e54aad8640e7a877d2280d3ebfe85b
https://conda.anaconda.org/conda-forge/linux-64/ncurses-6.2-he1b5a44_1.tar.bz2#d3da4932f3d8e6b3c81fcf177d1e6eab
https://conda.anaconda.org/conda-forge/linux-64/openssl-1.1.1g-h516909a_1.tar.bz2#6fdcd20ec22aeffa10b6102bccc47e7f
https://conda.anaconda.org/conda-forge/linux-64/pcre-8.44-he1b5a44_0.tar.bz2#e647d89cd5cdf62760cf283a001841ff
https://conda.anaconda.org/conda-forge/linux-64/pixman-0.38.0-h516909a_1003.tar.bz2#7c0b1414e5af196415f7808fbd704143
https://conda.anaconda.org/conda-forge/linux-64/pthread-stubs-0.4-h14c3975_1001.tar.bz2#e0b9987b65bba8016d21f5bdbe0a7923
https://conda.anaconda.org/conda-forge/linux-64/tbb-2020.2-hc9558a2_0.tar.bz2#5abf234a5bb22cfba027671f133faa60
https://conda.anaconda.org/conda-forge/linux-64/tzcode-2020a-h516909a_0.tar.bz2#20272a17cfb48266ac46e6e04ad8d21d
https://conda.anaconda.org/conda-forge/linux-64/xorg-kbproto-1.0.7-h14c3975_1002.tar.bz2#6dfe5dbe10d55266e4a5e89287eed578
https://conda.anaconda.org/conda-forge/linux-64/xorg-libice-1.0.10-h516909a_0.tar.bz2#4dfda1ccfd0cc90c4fe6786acece9a30
https://conda.anaconda.org/conda-forge/linux-64/xorg-libxau-1.0.9-h14c3975_0.tar.bz2#ffa7c2b7a2c7dc779ed9e38b10a93c3c
https://conda.anaconda.org/conda-forge/linux-64/xorg-libxdmcp-1.1.3-h516909a_0.tar.bz2#e95a160e60b2a327309a6d323a4d780e
https://conda.anaconda.org/conda-forge/linux-64/xorg-renderproto-0.11.1-h14c3975_1002.tar.bz2#fbcb7fa11dee1a5d3df4371cc55bb229
https://conda.anaconda.org/conda-forge/linux-64/xorg-xextproto-7.3.0-h14c3975_1002.tar.bz2#f08999859c405bad87c4bf9b6cdc7bbb
https://conda.anaconda.org/conda-forge/linux-64/xorg-xproto-7.0.31-h14c3975_1007.tar.bz2#a45d8cd411bdf8f08ced463f68986b62
https://conda.anaconda.org/conda-forge/linux-64/xz-5.2.5-h516909a_1.tar.bz2#33f601066901f3e1a85af3522a8113f9
https://conda.anaconda.org/conda-forge/linux-64/yaml-0.2.5-h516909a_0.tar.bz2#03a530e925414902547cf48da7756db8
https://conda.anaconda.org/conda-forge/linux-64/zlib-1.2.11-h516909a_1009.tar.bz2#93486907c6757170a5125198506d9cf8
https://conda.anaconda.org/conda-forge/linux-64/boost-cpp-1.72.0-h8e57a91_0.tar.bz2#133a674da10caef4af883eaff85fd9a5
https://conda.anaconda.org/conda-forge/linux-64/gettext-0.19.8.1-hc5be6a0_1002.tar.bz2#8c2f1de42f9eec059418f3083f03cabc
https://conda.anaconda.org/conda-forge/linux-64/hdf4-4.2.13-hf30be14_1003.tar.bz2#7f3e92154c3397e085ae1c37eb4975c5
https://conda.anaconda.org/conda-forge/linux-64/hdf5-1.10.6-nompi_h3c11f04_101.tar.bz2#9f1ccc4d36edf8ea15ce19f52cf6d601
https://conda.anaconda.org/conda-forge/linux-64/jasper-1.900.1-h07fcdf6_1006.tar.bz2#babe76b3c95cc3e9005a66855ffe4e21
https://conda.anaconda.org/conda-forge/linux-64/libblas-3.8.0-17_openblas.tar.bz2#fdd1790e564778bf0c616e639badfe58
https://conda.anaconda.org/conda-forge/linux-64/libedit-3.1.20191231-he28a2e2_2.tar.bz2#4d331e44109e3f0e19b4cb8f9b82f3e1
https://conda.anaconda.org/conda-forge/linux-64/libllvm10-10.0.1-he513fc3_3.tar.bz2#b1c57947b2a9231e0cd037ab0ed96b5d
https://conda.anaconda.org/conda-forge/linux-64/libnghttp2-1.41.0-h8cfc5f6_2.tar.bz2#726ca0fed4bde95b056ef26df1efaf60
https://conda.anaconda.org/conda-forge/linux-64/libpng-1.6.37-hed695b0_2.tar.bz2#5685fb1f2e761545e9f5ea34411efd98
https://conda.anaconda.org/conda-forge/linux-64/libssh2-1.9.0-hab1572f_5.tar.bz2#18aaa1bd2238ae2b5e89591046973123
https://conda.anaconda.org/conda-forge/linux-64/libxcb-1.13-h14c3975_1002.tar.bz2#ca4eb860b5528d5c6de8d97021d9ef78
https://conda.anaconda.org/conda-forge/linux-64/libxml2-2.9.10-hee79883_0.tar.bz2#0217b0926808b1adf93247bba489d733
https://conda.anaconda.org/conda-forge/linux-64/readline-8.0-he28a2e2_2.tar.bz2#4d0ae8d473f863696088f76800ef9d38
https://conda.anaconda.org/conda-forge/linux-64/tk-8.6.10-hed695b0_0.tar.bz2#9a3e126468fa7fb6a54caad41b5a2d45
https://conda.anaconda.org/conda-forge/linux-64/xerces-c-3.2.2-h8412b87_1004.tar.bz2#ffe3dc512c8eab9b4a5a8c3d64c0d69a
https://conda.anaconda.org/conda-forge/linux-64/xorg-libsm-1.2.3-h84519dc_1000.tar.bz2#56cc238b81624db9e3e36b2b6a482cc1
https://conda.anaconda.org/conda-forge/linux-64/zeromq-4.3.2-he1b5a44_3.tar.bz2#d9e734dd2b3da4e4380c9c98e6a78b40
https://conda.anaconda.org/conda-forge/linux-64/zstd-1.4.5-h6597ccf_2.tar.bz2#d60d50f369d40f9787878cdd866fc9d3
https://conda.anaconda.org/conda-forge/linux-64/freetype-2.10.2-he06d7ca_0.tar.bz2#520fb55b5f6e29179499000b8107fe0a
https://conda.anaconda.org/conda-forge/linux-64/kealib-1.4.13-h33137a7_1.tar.bz2#ce5dd66ba674ffc664580aefcc1101b7
https://conda.anaconda.org/conda-forge/linux-64/krb5-1.17.1-hfafb76e_3.tar.bz2#b9c0993124fbf5f4ccf37fd00d6a3705
https://conda.anaconda.org/conda-forge/linux-64/libcblas-3.8.0-17_openblas.tar.bz2#28f6376d1c4ca5e0fc287fb0484e37a1
https://conda.anaconda.org/conda-forge/linux-64/libkml-1.3.0-hd79254b_1012.tar.bz2#1bb00a232feadabaf835d00793c18504
https://conda.anaconda.org/conda-forge/linux-64/liblapack-3.8.0-17_openblas.tar.bz2#09cfbcdb4888dc9010b4cbc60e55c6ad
https://conda.anaconda.org/conda-forge/linux-64/libtiff-4.1.0-hc7e4089_6.tar.bz2#fa73bbe576ceb0c200a232c7956d8661
https://conda.anaconda.org/conda-forge/linux-64/sqlite-3.33.0-h4cf870e_0.tar.bz2#b22603a9c94d2cda5911f7a2cd55aa95
https://conda.anaconda.org/conda-forge/linux-64/xorg-libx11-1.6.12-h516909a_0.tar.bz2#cdea71c3e27611e012419faea02c56bd
https://conda.anaconda.org/conda-forge/linux-64/fontconfig-2.13.1-h86ecdb6_1001.tar.bz2#51b20857a0d8b2434696f3515a1098d6
https://conda.anaconda.org/conda-forge/linux-64/lcms2-2.11-hbd6801e_0.tar.bz2#92df66bf0087c1275e03edc8ab45a9b8
https://conda.anaconda.org/conda-forge/linux-64/libcurl-7.71.1-hcdd3856_5.tar.bz2#f4461889dd727ffcd1f4dcccaced1892
https://conda.anaconda.org/conda-forge/linux-64/libpq-12.3-h5513abc_0.tar.bz2#c4aafb982a0419818ccb33ddb02d799b
https://conda.anaconda.org/conda-forge/linux-64/openjpeg-2.3.1-h981e76c_3.tar.bz2#4a4b5d04b3791ab848b47611def88c4f
https://conda.anaconda.org/conda-forge/linux-64/python-3.8.5-h1103e12_7_cpython.tar.bz2#83a9db34f01fdfe808ae9e73541d75d6
https://conda.anaconda.org/conda-forge/linux-64/xorg-libxext-1.3.4-h516909a_0.tar.bz2#aba40ec20012e0a2641ced275a0abdca
https://conda.anaconda.org/conda-forge/linux-64/xorg-libxrender-0.9.10-h516909a_1002.tar.bz2#bf3514891c6743ed808602fa9f4f1508
https://conda.anaconda.org/conda-forge/noarch/affine-2.3.0-py_0.tar.bz2#5a9bfe23652d0ad9aa27e56cd75bfe33
https://conda.anaconda.org/conda-forge/noarch/alabaster-0.7.12-py_0.tar.bz2#2489a97287f90176ecdc3ca982b4b0a0
https://conda.anaconda.org/conda-forge/noarch/asciitree-0.3.3-py_2.tar.bz2#c0481c9de49f040272556e2cedf42816
https://conda.anaconda.org/conda-forge/noarch/async_generator-1.10-py_0.tar.bz2#d56c596e61b1c4952acf0a9920856c12
https://conda.anaconda.org/conda-forge/noarch/attrs-20.2.0-pyh9f0ad1d_0.tar.bz2#72fe75fed07fe89d6ef02034bf1e94a5
https://conda.anaconda.org/conda-forge/noarch/backcall-0.2.0-pyh9f0ad1d_0.tar.bz2#6006a6d08a3fa99268a2681c7fb55213
https://conda.anaconda.org/conda-forge/noarch/backports-1.0-py_2.tar.bz2#0da16b293affa6ac31812376f8eb79dd
https://conda.anaconda.org/conda-forge/linux-64/cfitsio-3.470-hce51eda_6.tar.bz2#822e0a41d39789139203aa337ee71a55
https://conda.anaconda.org/conda-forge/noarch/click-7.1.2-pyh9f0ad1d_0.tar.bz2#bd50a970ce07e660c319fdc4d730d3f1
https://conda.anaconda.org/conda-forge/noarch/cloudpickle-1.6.0-py_0.tar.bz2#76d764d8881719e305f6fa368dc2b65e
https://conda.anaconda.org/conda-forge/linux-64/curl-7.71.1-he644dc0_5.tar.bz2#9eae3ea3b94261a865bf2882f2876d78
https://conda.anaconda.org/conda-forge/noarch/decorator-4.4.2-py_0.tar.bz2#d2eabb9cabd212e1ec6a9463bd846243
https://conda.anaconda.org/conda-forge/noarch/defusedxml-0.6.0-py_0.tar.bz2#37e1033daee0e2edaa5ff42584c52b21
https://conda.anaconda.org/conda-forge/noarch/docopt-0.6.2-py_1.tar.bz2#a9ed63e45579cfef026a916af2bc27c9
https://conda.anaconda.org/conda-forge/noarch/fsspec-0.8.2-py_0.tar.bz2#abe3ad4a90bee34f91d50318924f31a0
https://conda.anaconda.org/conda-forge/linux-64/glib-2.66.0-h0dae87d_0.tar.bz2#2d606858304a20f57db595f9a3eb3bbf
https://conda.anaconda.org/conda-forge/noarch/heapdict-1.0.1-py_0.tar.bz2#77242bfb1e74a627fb06319b5a2d3b95
https://conda.anaconda.org/conda-forge/noarch/idna-2.10-pyh9f0ad1d_0.tar.bz2#f95a12b4f435aae6680fe55ae2eb1b06
https://conda.anaconda.org/conda-forge/noarch/imagesize-1.2.0-py_0.tar.bz2#5879bd2c4b399a5072468e5fe587bf1b
https://conda.anaconda.org/conda-forge/noarch/iniconfig-1.0.1-pyh9f0ad1d_0.tar.bz2#b24cafcf37a962a001a237a6299f580d
https://conda.anaconda.org/conda-forge/noarch/ipython_genutils-0.2.0-py_1.tar.bz2#5071c982548b3a20caf70462f04f5287
https://conda.anaconda.org/conda-forge/noarch/locket-0.2.0-py_2.tar.bz2#709e8671651c7ec3d1ad07800339ff1d
https://conda.anaconda.org/conda-forge/noarch/monotonic-1.5-py_0.tar.bz2#0cc5fd0140497c3f1e2db2e7493b62b3
https://conda.anaconda.org/conda-forge/noarch/more-itertools-8.5.0-py_0.tar.bz2#3a2fa1ebe4306ae3190b1ed69a55b3fd
https://conda.anaconda.org/conda-forge/noarch/nest-asyncio-1.4.0-py_0.tar.bz2#3203f15095157b7e1238db3cf77799e5
https://conda.anaconda.org/conda-forge/noarch/olefile-0.46-py_0.tar.bz2#8a6d3394763144710916ecf556c6287d
https://conda.anaconda.org/conda-forge/noarch/pandocfilters-1.4.2-py_1.tar.bz2#ba6f4a308f1ea22abe1d72e72544af76
https://conda.anaconda.org/conda-forge/noarch/param-1.9.3-py_0.tar.bz2#7258dbe25d6f41d330ffb898932dcac2
https://conda.anaconda.org/conda-forge/noarch/parse-1.18.0-pyh9f0ad1d_0.tar.bz2#e8a128c0a6e9f7e04baf174d4109bdf4
https://conda.anaconda.org/conda-forge/noarch/parso-0.7.1-pyh9f0ad1d_0.tar.bz2#f66647d1ec805566d72ac26f62b19c01
https://conda.anaconda.org/conda-forge/linux-64/postgresql-12.3-h8573dbc_0.tar.bz2#9e49ce1788f90ff0d892391fb5bb3c42
https://conda.anaconda.org/conda-forge/linux-64/proj-7.0.0-h966b41f_5.tar.bz2#6c84860aef0eeb9a547dbbb849e964fe
https://conda.anaconda.org/conda-forge/noarch/prometheus_client-0.8.0-pyh9f0ad1d_0.tar.bz2#0409863e03d2abb75d9b91b903697ed0
https://conda.anaconda.org/conda-forge/noarch/ptyprocess-0.6.0-py_1001.tar.bz2#0c3a56f1ab48cfb002c69b48f9e1ddc6
https://conda.anaconda.org/conda-forge/noarch/py-1.9.0-pyh9f0ad1d_0.tar.bz2#82beb69c4e05d65702bbde3c63d6ef58
https://conda.anaconda.org/conda-forge/noarch/pycparser-2.20-pyh9f0ad1d_2.tar.bz2#aa798d50ffd182a0f6f31478c7f434f6
https://conda.anaconda.org/conda-forge/noarch/pyparsing-2.4.7-pyh9f0ad1d_0.tar.bz2#626c4f20d5bf06dcec9cf2eaa31725c7
https://conda.anaconda.org/conda-forge/noarch/pyshp-2.1.2-pyh9f0ad1d_0.tar.bz2#3362c351288584f00000c3ce31b5bbdf
https://conda.anaconda.org/conda-forge/linux-64/python_abi-3.8-1_cp38.tar.bz2#8d05152d6fb3012b27a0e6fbcc14bea1
https://conda.anaconda.org/conda-forge/noarch/pytz-2020.1-pyh9f0ad1d_0.tar.bz2#e52abc1f0fd70e05001c1ceb2696f625
https://conda.anaconda.org/conda-forge/noarch/send2trash-1.5.0-py_0.tar.bz2#c3779037a635e1150f1c53c28b875949
https://conda.anaconda.org/conda-forge/noarch/six-1.15.0-pyh9f0ad1d_0.tar.bz2#1eec421f0f1f39e579e44e4a5ce646a2
https://conda.anaconda.org/conda-forge/noarch/snowballstemmer-2.0.0-py_0.tar.bz2#fa34c3e7fb741022eb79169c354ca1ae
https://conda.anaconda.org/conda-forge/noarch/sortedcontainers-2.2.2-pyh9f0ad1d_0.tar.bz2#966cf410576873c60089e242b9d2fcc6
https://conda.anaconda.org/conda-forge/noarch/sphinxcontrib-applehelp-1.0.2-py_0.tar.bz2#20b2eaeaeea4ef9a9a0d99770620fd09
https://conda.anaconda.org/conda-forge/noarch/sphinxcontrib-devhelp-1.0.2-py_0.tar.bz2#68e01cac9d38d0e717cd5c87bc3d2cc9
https://conda.anaconda.org/conda-forge/noarch/sphinxcontrib-htmlhelp-1.0.3-py_0.tar.bz2#4508a40465ebf0105e52f7194f299411
https://conda.anaconda.org/conda-forge/noarch/sphinxcontrib-jsmath-1.0.1-py_0.tar.bz2#67cd9d9c0382d37479b4d306c369a2d4
https://conda.anaconda.org/conda-forge/noarch/sphinxcontrib-qthelp-1.0.3-py_0.tar.bz2#d01180388e6d1838c3e1ad029590aa7a
https://conda.anaconda.org/conda-forge/noarch/sphinxcontrib-serializinghtml-1.1.4-py_0.tar.bz2#8ea6a8036e28dba8827d35c764709358
https://conda.anaconda.org/conda-forge/noarch/tblib-1.6.0-py_0.tar.bz2#0e1562c39e804e0d7df8650626379caa
https://conda.anaconda.org/conda-forge/noarch/testpath-0.4.4-py_0.tar.bz2#3b98fff4d5342bebde2ecaa314f796f9
https://conda.anaconda.org/conda-forge/noarch/toml-0.10.1-pyh9f0ad1d_0.tar.bz2#ca47d0ef822fd23b7ec9771a36645e5e
https://conda.anaconda.org/conda-forge/noarch/toolz-0.10.0-py_0.tar.bz2#9b38c091d24a308daf386f1e82d9d3a9
https://conda.anaconda.org/conda-forge/noarch/tqdm-4.49.0-pyh9f0ad1d_0.tar.bz2#cf2c9845ec31ada2bbca8bfea1e33fcd
https://conda.anaconda.org/conda-forge/noarch/typing_extensions-3.7.4.2-py_0.tar.bz2#235133b5ac204ecadf84cd07bab4fbe3
https://conda.anaconda.org/conda-forge/noarch/webencodings-0.5.1-py_1.tar.bz2#3563be4c5611a44210d9ba0c16113136
https://conda.anaconda.org/conda-forge/noarch/wheel-0.35.1-pyh9f0ad1d_0.tar.bz2#126827869be32f21872a2b30ebe2b038
https://conda.anaconda.org/conda-forge/noarch/zipp-3.1.0-py_0.tar.bz2#61948e426a3a3ec1fa7c90a44c2585d1
https://conda.anaconda.org/conda-forge/noarch/babel-2.8.0-py_0.tar.bz2#2d6d06e3b9884b2446ed7d6e10db9eb3
https://conda.anaconda.org/conda-forge/linux-64/cairo-1.16.0-hcf35c78_1003.tar.bz2#6b996a9e9337b64a7477942b84d3afe5
https://conda.anaconda.org/conda-forge/linux-64/certifi-2020.6.20-py38h32f6830_0.tar.bz2#4131197cced658fa20cdfc6b6538c334
https://conda.anaconda.org/conda-forge/linux-64/cffi-1.14.1-py38h5bae8af_0.tar.bz2#749139e9e4e338a75115652b0991f51e
https://conda.anaconda.org/conda-forge/linux-64/chardet-3.0.4-py38h32f6830_1006.tar.bz2#a95280e64d666aeb17b7c4e94ad729e3
https://conda.anaconda.org/conda-forge/noarch/click-plugins-1.1.1-py_0.tar.bz2#4fd2c6b53934bd7d96d1f3fdaf99b79f
https://conda.anaconda.org/conda-forge/noarch/cligj-0.5.0-py_0.tar.bz2#a559037c0c463477b91a94a1b9fc5a6f
https://conda.anaconda.org/conda-forge/noarch/configobj-5.0.6-py_0.tar.bz2#e46ba874295e2eda5593650895777913
https://conda.anaconda.org/conda-forge/linux-64/coverage-5.3-py38h1e0a361_0.tar.bz2#22788baea856195f8e2e6ac7649618f8
https://conda.anaconda.org/conda-forge/noarch/cycler-0.10.0-py_2.tar.bz2#f6d7c7e6d8f42cbbec7e07a8d879f91c
https://conda.anaconda.org/conda-forge/linux-64/cython-0.29.21-py38h950e882_0.tar.bz2#7a78b2bebe8cc3d72bede74618bb36db
https://conda.anaconda.org/conda-forge/linux-64/cytoolz-0.10.1-py38h516909a_0.tar.bz2#6a63f6a08c044cf41533815898507929
https://conda.anaconda.org/conda-forge/linux-64/docutils-0.16-py38h32f6830_1.tar.bz2#68c5c795e3022165c2ef7783213a4761
https://conda.anaconda.org/conda-forge/linux-64/entrypoints-0.3-py38h32f6830_1001.tar.bz2#ac7df2c675db951e9d26e356fd3bc56b
https://conda.anaconda.org/conda-forge/noarch/fasteners-0.14.1-py_3.tar.bz2#8af0bf3cfe806fb001d9923b4fe1594b
https://conda.anaconda.org/conda-forge/linux-64/geotiff-1.6.0-h05acad5_0.tar.bz2#e2787ecd88545ebb0f273a4ec40da84e
https://conda.anaconda.org/conda-forge/linux-64/importlib-metadata-1.7.0-py38h32f6830_0.tar.bz2#c50ea4f8695f7ca8be25388f07c09ebb
https://conda.anaconda.org/conda-forge/linux-64/jedi-0.17.2-py38h32f6830_0.tar.bz2#39d73eada28872389bd3299ca6f9d9ef
https://conda.anaconda.org/conda-forge/linux-64/kiwisolver-1.2.0-py38hbf85e49_0.tar.bz2#0535a58defc14cb8b54aebbd4eca52de
https://conda.anaconda.org/conda-forge/linux-64/libdap4-3.20.6-h1d1bd15_1.tar.bz2#4fd50fa8f799f2070f7f8f27cfc95ae5
https://conda.anaconda.org/conda-forge/linux-64/libnetcdf-4.7.4-nompi_h84807e1_105.tar.bz2#cff148348c864599b215aa7c2899c2fe
https://conda.anaconda.org/conda-forge/linux-64/libspatialite-4.3.0a-h2482549_1038.tar.bz2#b2ee2d89c71b551d4ec13ac5149fd349
https://conda.anaconda.org/conda-forge/linux-64/llvmlite-0.34.0-py38h4f45e52_1.tar.bz2#239df161de9bc41391b11fd75f12f0f2
https://conda.anaconda.org/conda-forge/linux-64/markupsafe-1.1.1-py38h1e0a361_1.tar.bz2#22998906a1294fc06133e094a9ac6d72
https://conda.anaconda.org/conda-forge/linux-64/mistune-0.8.4-py38h1e0a361_1001.tar.bz2#853afa81af6e45fbcaab80bac917acc4
https://conda.anaconda.org/conda-forge/linux-64/msgpack-python-1.0.0-py38hbf85e49_1.tar.bz2#05b492636846d025c27f95ac3a5b8ce8
https://conda.anaconda.org/conda-forge/noarch/multipledispatch-0.6.0-py_0.tar.bz2#1073dc92c8f247d94ac14dd79ca0bbec
https://conda.anaconda.org/conda-forge/linux-64/numpy-1.19.1-py38hbc27379_2.tar.bz2#d3b7f4e92728137861aa3808c6e91bfb
https://conda.anaconda.org/conda-forge/noarch/packaging-20.4-pyh9f0ad1d_0.tar.bz2#6d160f7346ac815500b5475d9a0f88a9
https://conda.anaconda.org/conda-forge/linux-64/parse_type-0.5.2-py38h32f6830_1.tar.bz2#aa4adbe1360d9407293dd46457c2cf90
https://conda.anaconda.org/conda-forge/noarch/partd-1.1.0-py_0.tar.bz2#4afbf2cdf4e6ad279080d3adb5cefaae
https://conda.anaconda.org/conda-forge/linux-64/pexpect-4.8.0-py38h32f6830_1.tar.bz2#da53534fe197ed435275df2c59043083
https://conda.anaconda.org/conda-forge/linux-64/pickleshare-0.7.5-py38h32f6830_1001.tar.bz2#05b7f1f00d70e0f37041c56acc9601ce
https://conda.anaconda.org/conda-forge/linux-64/pillow-7.2.0-py38h9776b28_1.tar.bz2#3db7e1733f44359ce177401662588652
https://conda.anaconda.org/conda-forge/linux-64/pluggy-0.13.1-py38h32f6830_2.tar.bz2#00b247dd88620d9a0697cde9245ab3c0
https://conda.anaconda.org/conda-forge/linux-64/psutil-5.7.2-py38h1e0a361_0.tar.bz2#07fbe2211e11a5de802eeb6937d20d01
https://conda.anaconda.org/conda-forge/noarch/pyct-core-0.4.6-py_0.tar.bz2#55ec526f95e0959de3f68bc6289a20da
https://conda.anaconda.org/conda-forge/linux-64/pyproj-2.6.1.post1-py38h7521cb9_0.tar.bz2#a3365520d43a8a5832609c2440304ab0
https://conda.anaconda.org/conda-forge/linux-64/pyrsistent-0.17.3-py38h1e0a361_0.tar.bz2#6f5af0ff4a8e267fb7ac730b6472787a
https://conda.anaconda.org/conda-forge/linux-64/pysocks-1.7.1-py38h32f6830_1.tar.bz2#8cff813a871cc0a8053dbf716dd4fba6
https://conda.anaconda.org/conda-forge/noarch/python-dateutil-2.8.1-py_0.tar.bz2#0d0150ed9c2d25817f5324108d3f7571
https://conda.anaconda.org/conda-forge/noarch/pyviz_comms-0.7.6-pyh9f0ad1d_0.tar.bz2#16fc2f91123d2b040c4e101ec47c8660
https://conda.anaconda.org/conda-forge/linux-64/pyyaml-5.3.1-py38h1e0a361_0.tar.bz2#06ea727fe1e670886d4d0cc8f8529db9
https://conda.anaconda.org/conda-forge/linux-64/pyzmq-19.0.2-py38ha71036d_0.tar.bz2#5eb7c2f195653a637e8f7218859601d9
https://conda.anaconda.org/conda-forge/linux-64/rtree-0.9.4-py38h08f867b_1.tar.bz2#54610027f61a7e9c1fa3ed74c37aa063
https://conda.anaconda.org/conda-forge/linux-64/tiledb-1.7.7-h8efa9f0_3.tar.bz2#ac28be96aecef6aa789ddda3c3c444d1
https://conda.anaconda.org/conda-forge/linux-64/tornado-6.0.4-py38h1e0a361_1.tar.bz2#5120a9329db3722c5ac094c756187fe9
https://conda.anaconda.org/conda-forge/noarch/traitlets-5.0.4-py_0.tar.bz2#c75376bed2140d3851e6081450513059
https://conda.anaconda.org/conda-forge/noarch/zict-2.0.0-py_0.tar.bz2#4750152be22f24d695b3004c5e1712d3
https://conda.anaconda.org/conda-forge/linux-64/argon2-cffi-20.1.0-py38h1e0a361_1.tar.bz2#00208a69e0b6b3b36671484abc59a499
https://conda.anaconda.org/conda-forge/linux-64/behave-1.2.6-py38h32f6830_1001.tar.bz2#f0fd0c2021650c3be87d9d345606cd19
https://conda.anaconda.org/conda-forge/linux-64/brotlipy-0.7.0-py38h1e0a361_1000.tar.bz2#da154c5d6d546f0b1e213707cc0e0162
https://conda.anaconda.org/conda-forge/linux-64/cftime-1.2.1-py38h8790de6_0.tar.bz2#735ff40fc348a853ebb9ede65ae4264c
https://conda.anaconda.org/conda-forge/linux-64/cryptography-3.1-py38h766eaa4_0.tar.bz2#2fb370f6af562e92e0384062d6ebc414
https://conda.anaconda.org/conda-forge/noarch/dask-core-2.26.0-py_0.tar.bz2#bb02c154b4e311352d635f74e3ce3e41
https://conda.anaconda.org/conda-forge/noarch/datashape-0.5.4-py_1.tar.bz2#50ddfce434ea596fc4497085f403a9d5
https://conda.anaconda.org/conda-forge/linux-64/eccodes-2.18.0-hf05d9b7_0.tar.bz2#b9811e45236899e7a97216cc64a988d0
https://conda.anaconda.org/conda-forge/linux-64/h5py-2.10.0-nompi_py38hfb01d0b_104.tar.bz2#48de578c34c1d07a37b7ef3d7a7829a8
https://conda.anaconda.org/conda-forge/noarch/imageio-2.9.0-py_0.tar.bz2#62ad9e579278e777d4abaa8c9312b6a7
https://conda.anaconda.org/conda-forge/noarch/importlib_metadata-1.7.0-0.tar.bz2#3e6503b25200f60149cce699a47cf09e
https://conda.anaconda.org/conda-forge/linux-64/jupyter_core-4.6.3-py38h32f6830_1.tar.bz2#8044bf1dbabee1a38484f4ae180dfbe6
https://conda.anaconda.org/conda-forge/noarch/markdown-3.2.2-py_0.tar.bz2#f09d9ef8bd8db224f56d1442725249a0
https://conda.anaconda.org/conda-forge/linux-64/numcodecs-0.7.1-py38h950e882_0.tar.bz2#06e502e1993b66a0209624c6ef72ea34
https://conda.anaconda.org/conda-forge/linux-64/pandas-1.1.2-py38h950e882_0.tar.bz2#0e2bd26448ec952563ca77edcd2ccdec
https://conda.anaconda.org/conda-forge/linux-64/poppler-0.87.0-h4190859_1.tar.bz2#5ea1a09933dd7e3820bf59676c7c76f7
https://conda.anaconda.org/conda-forge/linux-64/pyhdf-0.10.2-py38hcc2d4bd_1.tar.bz2#a7dea399b3086bcc649bef88eb574c8c
https://conda.anaconda.org/conda-forge/linux-64/pykdtree-1.3.1-py38h8790de6_1003.tar.bz2#9f8f530ee820cb7ccb65c8dc980c9bac
https://conda.anaconda.org/conda-forge/linux-64/pytest-6.0.2-py38h32f6830_0.tar.bz2#3babbbfc7abafea69a1d55b9c3126111
https://conda.anaconda.org/conda-forge/linux-64/scipy-1.5.2-py38h8c5af15_0.tar.bz2#29cb9b969a3c9a6e23eb973a77799e8b
https://conda.anaconda.org/conda-forge/linux-64/setuptools-49.6.0-py38h32f6830_0.tar.bz2#ddaf6e0afb338a3ff5be9b4293c59706
https://conda.anaconda.org/conda-forge/linux-64/shapely-1.7.1-py38hc7361b7_0.tar.bz2#5451adc8e1c2bcde0e1d848cafdea318
https://conda.anaconda.org/conda-forge/noarch/snuggs-1.4.7-py_0.tar.bz2#cb83a3d6ecf73f50117635192414426a
https://conda.anaconda.org/conda-forge/linux-64/terminado-0.8.3-py38h32f6830_1.tar.bz2#050dd70f20541aeaece5540f19a22813
https://conda.anaconda.org/conda-forge/noarch/backports.functools_lru_cache-1.6.1-py_0.tar.bz2#d36df15eaef96549ce6231e3088fba54
https://conda.anaconda.org/conda-forge/noarch/bleach-3.1.5-pyh9f0ad1d_0.tar.bz2#fdd3428764b35bd251798db254a9bdea
https://conda.anaconda.org/conda-forge/linux-64/distributed-2.26.0-py38h32f6830_0.tar.bz2#2c1dc46ac34b1ae21f11a9fb40fe3110
https://conda.anaconda.org/conda-forge/noarch/h5netcdf-0.8.1-py_0.tar.bz2#0181638a03dbead1e8b2ff3bdb54d24e
https://conda.anaconda.org/conda-forge/noarch/jinja2-2.11.2-pyh9f0ad1d_0.tar.bz2#e8a5d614d1a27bdba00059ca062a0551
https://conda.anaconda.org/conda-forge/linux-64/jsonschema-3.2.0-py38h32f6830_1.tar.bz2#49dd43811f60b5ba18fb9d7663a451d5
https://conda.anaconda.org/conda-forge/noarch/jupyter_client-6.1.7-py_0.tar.bz2#bcaa486602c05413da0808b82898f60a
https://conda.anaconda.org/conda-forge/linux-64/libgdal-3.0.4-he6a97d6_10.tar.bz2#1406182174b2ef9c7fc3ee8d7b907b91
https://conda.anaconda.org/conda-forge/linux-64/matplotlib-base-3.3.1-py38h91b0d89_1.tar.bz2#ab7471efdf06085f0aa3dbc61fcdd9dc
https://conda.anaconda.org/conda-forge/noarch/munch-2.5.0-py_0.tar.bz2#31d9e9be500e25ff0050bc9f57a6bcd7
https://conda.anaconda.org/conda-forge/linux-64/netcdf4-1.5.4-nompi_py38hec8b9af_102.tar.bz2#475bf6605b0dd462a09c4444eb31d096
https://conda.anaconda.org/conda-forge/linux-64/numba-0.51.2-py38hc5bc63f_0.tar.bz2#9b46df142cccb357e1f54a88e7a0b624
https://conda.anaconda.org/conda-forge/noarch/pip-20.2.3-py_0.tar.bz2#2a473e697f17443a8647c3d7d22043d3
https://conda.anaconda.org/conda-forge/noarch/pygments-2.7.0-py_0.tar.bz2#4047a6e9bc29036439ed352a38077592
https://conda.anaconda.org/conda-forge/noarch/pyopenssl-19.1.0-py_1.tar.bz2#ef3d970a6de9bc902d233e59f746b7cd
https://conda.anaconda.org/conda-forge/linux-64/pyresample-1.16.0-py38hcb8c335_0.tar.bz2#0041259fcd6816e8bcbe2911279937c5
https://conda.anaconda.org/conda-forge/noarch/pytest-cov-2.10.1-pyh9f0ad1d_0.tar.bz2#0d83b4ea58595e9f685c51ba31f63116
https://conda.anaconda.org/conda-forge/linux-64/python-eccodes-2020.06.0-py38h8790de6_0.tar.bz2#0d6843e1f0c90141a295f6cd530c96da
https://conda.anaconda.org/conda-forge/noarch/xarray-0.16.0-py_0.tar.bz2#a9d4fbd79e09a857acbce265a028dac7
https://conda.anaconda.org/conda-forge/noarch/zarr-2.4.0-py_0.tar.bz2#57d5031b1a07f73f6a671fba6eccbd2a
https://conda.anaconda.org/conda-forge/linux-64/bokeh-2.2.1-py38h32f6830_0.tar.bz2#ba3162312ddc9c40f93376745d616ea2
https://conda.anaconda.org/conda-forge/linux-64/gdal-3.0.4-py38h172510d_10.tar.bz2#f9c00799633e0abfb36c26ca42e834e6
https://conda.anaconda.org/conda-forge/noarch/jupyterlab_pygments-0.1.1-pyh9f0ad1d_0.tar.bz2#1dcc48a573e69b44f9065dbe665fc186
https://conda.anaconda.org/conda-forge/linux-64/matplotlib-3.3.1-1.tar.bz2#a727e72d81ecf01ae88db90127ce8732
https://conda.anaconda.org/conda-forge/noarch/nbformat-5.0.7-py_0.tar.bz2#7f9984ee165126ac09d9eb678052783d
https://conda.anaconda.org/conda-forge/linux-64/rasterio-1.1.5-py38h033e0f6_1.tar.bz2#e2636c26f2076bf344d43c4f34be1e15
https://conda.anaconda.org/conda-forge/noarch/urllib3-1.25.10-py_0.tar.bz2#82cde2a532177697e42a090add881db8
https://conda.anaconda.org/conda-forge/noarch/wcwidth-0.2.5-pyh9f0ad1d_1.tar.bz2#ac581f74f00d4d9f5acec2449f310e70
https://conda.anaconda.org/conda-forge/noarch/dask-2.26.0-py_0.tar.bz2#5a96f2717d0dc41c1a8346353b8d6d28
https://conda.anaconda.org/conda-forge/linux-64/fiona-1.8.13-py38h033e0f6_1.tar.bz2#3da6240f430accf109555edbcf7def39
https://conda.anaconda.org/conda-forge/noarch/nbclient-0.5.0-py_0.tar.bz2#1c95e6cf38f219566e281979a3a1bd27
https://conda.anaconda.org/conda-forge/noarch/prompt-toolkit-3.0.7-py_0.tar.bz2#32341741e1d778b2c54bb42191cf8571
https://conda.anaconda.org/conda-forge/noarch/requests-2.24.0-pyh9f0ad1d_0.tar.bz2#786ef230ca5cf2536e9dee910fdf4f9f
https://conda.anaconda.org/conda-forge/noarch/codecov-2.1.9-pyh9f0ad1d_0.tar.bz2#a7da1266ea1c51cebf8dfca377d0f21e
https://conda.anaconda.org/conda-forge/noarch/coveralls-2.1.2-py_0.tar.bz2#ee301e1f1cbace6b0daabb7e77ef7eab
https://conda.anaconda.org/conda-forge/noarch/geopandas-0.8.1-py_0.tar.bz2#77401947aaa42c713c69cdf8817e1df0
https://conda.anaconda.org/conda-forge/linux-64/ipython-7.18.1-py38h1cdfbd6_0.tar.bz2#e6c0aefc70107e32644ff47aac9cbd2b
https://conda.anaconda.org/conda-forge/linux-64/nbconvert-6.0.2-py38h32f6830_0.tar.bz2#c04455525ae0c88cc4ad7759d12bb072
https://conda.anaconda.org/conda-forge/noarch/owslib-0.20.0-py_0.tar.bz2#d9f1280ab8723862dd8b30f4f9c241e0
https://conda.anaconda.org/conda-forge/noarch/pyct-0.4.6-py_0.tar.bz2#42d91c89bc3993ec88681cffd3c0e326
https://conda.anaconda.org/conda-forge/noarch/pyepsg-0.4.0-py_0.tar.bz2#c3de0e5a1931c6732457300d2832f02f
https://conda.anaconda.org/conda-forge/noarch/sphinx-3.2.1-py_0.tar.bz2#6775ce3cbf77a9447eacd1592858a738
https://conda.anaconda.org/conda-forge/linux-64/cartopy-0.18.0-py38h172510d_0.tar.bz2#a4300d135a9877aefd7b5244e256740d
https://conda.anaconda.org/conda-forge/noarch/colorcet-2.0.1-py_0.tar.bz2#aa65c1760b4ccc79d3be1fb3a7060de8
https://conda.anaconda.org/conda-forge/linux-64/ipykernel-5.3.4-py38h23f93f0_0.tar.bz2#1fbf8f16e22d12866cb14877ebf72ae0
https://conda.anaconda.org/conda-forge/noarch/panel-0.9.7-py_0.tar.bz2#b5147a3905e3984233a7e29f690b50db
https://conda.anaconda.org/conda-forge/noarch/datashader-0.11.1-pyh9f0ad1d_0.tar.bz2#4ab5768acaf1b47ef78818825b3e2bf0
https://conda.anaconda.org/conda-forge/linux-64/notebook-6.1.4-py38h32f6830_0.tar.bz2#1fa60460d070c856e8ae3d9a75d8661a
https://conda.anaconda.org/conda-forge/noarch/holoviews-1.13.3-pyh9f0ad1d_0.tar.bz2#5bb8a7d79d6ebf66fdbae13fa4ea1b6b
https://conda.anaconda.org/conda-forge/noarch/geoviews-core-1.8.1-py_0.tar.bz2#035a845a6d0faac84d33a63dcc84e428
https://conda.anaconda.org/conda-forge/noarch/geoviews-1.8.1-py_0.tar.bz2#29062ab20a9543d77ae3353201697b9d
