# platform: osx-64
# env_hash: 9dc3658ed8762ff410382d7f68ba5690924b5a2451f3473df8c695fdca772e48
@EXPLICIT
https://conda.anaconda.org/conda-forge/osx-64/bzip2-1.0.8-haf1e3a3_3.tar.bz2#caf888e9502062a4d17e811871b44637
https://conda.anaconda.org/conda-forge/osx-64/c-ares-1.16.1-haf1e3a3_3.tar.bz2#3877b8f8cff6264b09904a8b470aed9c
https://conda.anaconda.org/conda-forge/osx-64/ca-certificates-2020.6.20-hecda079_0.tar.bz2#7933a42d363f3e88f239384ff68252db
https://conda.anaconda.org/conda-forge/osx-64/freexl-1.0.5-h0b31af3_1002.tar.bz2#8ae78373f1ae5b82e1429c253e366051
https://conda.anaconda.org/conda-forge/osx-64/giflib-5.2.1-h0b31af3_2.tar.bz2#07c463a81d43cd600e22cdf2482e6ffc
https://conda.anaconda.org/conda-forge/osx-64/jpeg-9d-h0b31af3_0.tar.bz2#0b52142a252948fc97483547a288e1d8
https://conda.anaconda.org/conda-forge/osx-64/json-c-0.13.1-h575e443_1002.tar.bz2#79d224748da1805ae297b21fbb83b1e0
https://conda.anaconda.org/conda-forge/osx-64/libcxx-10.0.1-h5f48129_0.tar.bz2#abc0f77f31d9e69bdcf2c550058da337
https://conda.anaconda.org/conda-forge/osx-64/libev-4.33-haf1e3a3_1.tar.bz2#79dc2be110b2a3d1e97ec21f691c50ad
https://conda.anaconda.org/conda-forge/osx-64/libiconv-1.16-haf1e3a3_0.tar.bz2#c5fab167412a52e491c8e11453ae016f
https://conda.anaconda.org/conda-forge/osx-64/libsodium-1.0.18-h01d97ff_0.tar.bz2#c803458de4a43aa8635b3acd1e8d1afe
https://conda.anaconda.org/conda-forge/osx-64/libwebp-base-1.1.0-h0b31af3_3.tar.bz2#1ebb8a84b32629ae159fe2af2e3011ea
https://conda.anaconda.org/conda-forge/osx-64/llvm-openmp-10.0.1-h28b9765_0.tar.bz2#c75ab018203fefa1a87b17ef5d182ca4
https://conda.anaconda.org/conda-forge/osx-64/pandoc-2.10.1-haf1e3a3_0.tar.bz2#d46f0dfaeda21e2dbe01149a501f56f1
https://conda.anaconda.org/conda-forge/osx-64/pixman-0.38.0-h01d97ff_1003.tar.bz2#db285954d969a73e3adc622d0db30605
https://conda.anaconda.org/conda-forge/noarch/poppler-data-0.4.9-1.tar.bz2#1fef1ac4c55eec7cde779d89c8d20cc6
https://conda.anaconda.org/conda-forge/osx-64/tzcode-2020a-h0b31af3_0.tar.bz2#379224e7800822214a0aa20a656507bb
https://conda.anaconda.org/conda-forge/osx-64/xz-5.2.5-haf1e3a3_1.tar.bz2#41116deb499e9bc58048c297d6403ce6
https://conda.anaconda.org/conda-forge/osx-64/yaml-0.2.5-haf1e3a3_0.tar.bz2#84c2fc186995c25a43e86ed708065572
https://conda.anaconda.org/conda-forge/osx-64/zlib-1.2.11-h7795811_1009.tar.bz2#958b4b681fcae3094383cf69c26e8936
https://conda.anaconda.org/conda-forge/osx-64/expat-2.2.9-hb1e8313_2.tar.bz2#5674668524163888bba8f8c04223c323
https://conda.anaconda.org/conda-forge/osx-64/geos-3.8.1-h4a8c4bd_0.tar.bz2#b0590b5a8d2d488d469ab4cb343606ac
https://conda.anaconda.org/conda-forge/osx-64/hdf4-4.2.13-h84186c3_1003.tar.bz2#c853dc1f6491ab6a523c6127b959bd07
https://conda.anaconda.org/conda-forge/osx-64/icu-64.2-h6de7cb9_1.tar.bz2#98593e7221241d8e19fee197ac105b4d
https://conda.anaconda.org/conda-forge/osx-64/jasper-1.900.1-h636a363_1006.tar.bz2#3da668fadd9fe0387d68180a21b9c3c7
https://conda.anaconda.org/conda-forge/osx-64/libaec-1.0.4-h4a8c4bd_1.tar.bz2#beaf636de1c2638aca9bbe3e36c10b74
https://conda.anaconda.org/conda-forge/osx-64/libffi-3.2.1-hb1e8313_1007.tar.bz2#be8b6ba3b6710a89ab891bbed151659c
https://conda.anaconda.org/conda-forge/osx-64/libgfortran4-7.5.0-h1565451_3.tar.bz2#2cf086922ee2e7e4025c42e0414c8111
https://conda.anaconda.org/conda-forge/osx-64/libllvm10-10.0.1-h009f743_3.tar.bz2#cc65eb0b26253d2789320bfd661852f9
https://conda.anaconda.org/conda-forge/osx-64/libpng-1.6.37-hb0a8c7a_2.tar.bz2#152469e831f8558f76c63e841b934f87
https://conda.anaconda.org/conda-forge/osx-64/libspatialindex-1.9.3-h4a8c4bd_3.tar.bz2#db9b5ea207eb6478024d6f2ebf513dad
https://conda.anaconda.org/conda-forge/osx-64/lz4-c-1.9.2-hb1e8313_3.tar.bz2#7737f6db9eb5e572d22b88b667d1f3f9
https://conda.anaconda.org/conda-forge/osx-64/ncurses-6.2-hb1e8313_1.tar.bz2#711f66ee1fd8585c28a47910ddbeaa4a
https://conda.anaconda.org/conda-forge/osx-64/openssl-1.1.1g-haf1e3a3_1.tar.bz2#31736d93dc6075a776645e5f5346fb9f
https://conda.anaconda.org/conda-forge/osx-64/pcre-8.44-h4a8c4bd_0.tar.bz2#28b0557e6ef0eb62f3162ddf678ea493
https://conda.anaconda.org/conda-forge/osx-64/tbb-2019.9-ha1b3eb9_1.tar.bz2#15273afe7a3dec4669fe01917d6550e4
https://conda.anaconda.org/conda-forge/osx-64/tk-8.6.10-hb0a8c7a_0.tar.bz2#f93186025751849c38dcc6c624ef424e
https://conda.anaconda.org/conda-forge/osx-64/zeromq-4.3.2-h4a8c4bd_3.tar.bz2#4524f64e9fb5f0325b1cb8f4441e155f
https://conda.anaconda.org/conda-forge/osx-64/boost-cpp-1.72.0-hdf9ef73_0.tar.bz2#13807feb4ee2c1db5326ba4670aa7869
https://conda.anaconda.org/conda-forge/osx-64/freetype-2.10.2-h8da9a1a_0.tar.bz2#17f160c42d580a14d96e9676f94b0c15
https://conda.anaconda.org/conda-forge/osx-64/gettext-0.19.8.1-h46ab8bc_1002.tar.bz2#c7517739152f7ba685351817f6ed9da8
https://conda.anaconda.org/conda-forge/osx-64/libedit-3.1.20191231-h0678c8f_2.tar.bz2#6016a8a1d0e63cac3de2c352cd40208b
https://conda.anaconda.org/conda-forge/osx-64/libgfortran-4.0.0-3.tar.bz2#0f1f7b92304f0b9de10fba6f40bc3a51
https://conda.anaconda.org/conda-forge/osx-64/libnghttp2-1.41.0-h7580e61_2.tar.bz2#1731a2e73e2d68d455a1b8b8de0265dc
https://conda.anaconda.org/conda-forge/osx-64/libssh2-1.9.0-h8a08a2b_5.tar.bz2#2e0e86262d3c9a11230ab55fc0468e49
https://conda.anaconda.org/conda-forge/osx-64/libxml2-2.9.10-h53d96d6_0.tar.bz2#18dab8184a9255bf6fcd55c69f94f3b1
https://conda.anaconda.org/conda-forge/osx-64/readline-8.0-h0678c8f_2.tar.bz2#8f69d684fce8e73328995d7efb77816a
https://conda.anaconda.org/conda-forge/osx-64/xerces-c-3.2.2-h8f8adb3_1004.tar.bz2#1d96c384bdb2c5b1b55d6fb7115e5d09
https://conda.anaconda.org/conda-forge/osx-64/zstd-1.4.5-h289c70a_2.tar.bz2#53cfeb429a4e0157b32ca4b52f488965
https://conda.anaconda.org/conda-forge/osx-64/fontconfig-2.13.1-h6b1039f_1001.tar.bz2#cd872761f6892c6bee82724856b304b2
https://conda.anaconda.org/conda-forge/osx-64/hdf5-1.10.6-nompi_haae91d6_101.tar.bz2#33ac6d735c69eb5d8cd3ad3ab8d5e8f5
https://conda.anaconda.org/conda-forge/osx-64/krb5-1.17.1-h75d18d8_3.tar.bz2#a2e242f395cb1226eaf4cc8eaacf5526
https://conda.anaconda.org/conda-forge/osx-64/libkml-1.3.0-h88bc94a_1012.tar.bz2#002d7893bf4dfd5868a3bfef456d1366
https://conda.anaconda.org/conda-forge/osx-64/libopenblas-0.3.10-openmp_h63d9170_4.tar.bz2#b67fe39a155929f64e17296827c06041
https://conda.anaconda.org/conda-forge/osx-64/libtiff-4.1.0-h2ae36a8_6.tar.bz2#37552f9d87ae31dcf99a593684cf8cfb
https://conda.anaconda.org/conda-forge/osx-64/sqlite-3.33.0-h960bd1c_0.tar.bz2#2258e92373f9991a586fc416ae459f17
https://conda.anaconda.org/conda-forge/osx-64/kealib-1.4.13-h40102fb_1.tar.bz2#26c21d11119e7d39e32a5ac261face07
https://conda.anaconda.org/conda-forge/osx-64/lcms2-2.11-h174193d_0.tar.bz2#840ff941941c2bde293bfb45076e8c30
https://conda.anaconda.org/conda-forge/osx-64/libblas-3.8.0-17_openblas.tar.bz2#ceac2df441f5c3acae4fb1cb02ea7fb2
https://conda.anaconda.org/conda-forge/osx-64/libcurl-7.71.1-h9bf37e3_5.tar.bz2#9ba8b61a0dd9d2ef20b0ef3d4e05a5fc
https://conda.anaconda.org/conda-forge/osx-64/libpq-12.3-h489d428_0.tar.bz2#6cc0ec7be8464165494b5f9774167faa
https://conda.anaconda.org/conda-forge/osx-64/openjpeg-2.3.1-h254dc36_3.tar.bz2#9139449bf03973ef4554bbbb664b29d4
https://conda.anaconda.org/conda-forge/osx-64/python-3.7.8-hc9dea61_1_cpython.tar.bz2#46fe9ea04f7e863da2588ad41d2f65ad
https://conda.anaconda.org/conda-forge/noarch/affine-2.3.0-py_0.tar.bz2#5a9bfe23652d0ad9aa27e56cd75bfe33
https://conda.anaconda.org/conda-forge/noarch/alabaster-0.7.12-py_0.tar.bz2#2489a97287f90176ecdc3ca982b4b0a0
https://conda.anaconda.org/conda-forge/noarch/asciitree-0.3.3-py_2.tar.bz2#c0481c9de49f040272556e2cedf42816
https://conda.anaconda.org/conda-forge/noarch/async_generator-1.10-py_0.tar.bz2#d56c596e61b1c4952acf0a9920856c12
https://conda.anaconda.org/conda-forge/noarch/attrs-20.2.0-pyh9f0ad1d_0.tar.bz2#72fe75fed07fe89d6ef02034bf1e94a5
https://conda.anaconda.org/conda-forge/noarch/backcall-0.2.0-pyh9f0ad1d_0.tar.bz2#6006a6d08a3fa99268a2681c7fb55213
https://conda.anaconda.org/conda-forge/noarch/backports-1.0-py_2.tar.bz2#0da16b293affa6ac31812376f8eb79dd
https://conda.anaconda.org/conda-forge/osx-64/cfitsio-3.470-hdf94aef_6.tar.bz2#9802d6d026cb77f30be4e5ea56aa3eba
https://conda.anaconda.org/conda-forge/noarch/click-7.1.2-pyh9f0ad1d_0.tar.bz2#bd50a970ce07e660c319fdc4d730d3f1
https://conda.anaconda.org/conda-forge/noarch/cloudpickle-1.6.0-py_0.tar.bz2#76d764d8881719e305f6fa368dc2b65e
https://conda.anaconda.org/conda-forge/osx-64/curl-7.71.1-hcb81553_5.tar.bz2#69fc878ff57fa0993a025740b253b81c
https://conda.anaconda.org/conda-forge/noarch/decorator-4.4.2-py_0.tar.bz2#d2eabb9cabd212e1ec6a9463bd846243
https://conda.anaconda.org/conda-forge/noarch/defusedxml-0.6.0-py_0.tar.bz2#37e1033daee0e2edaa5ff42584c52b21
https://conda.anaconda.org/conda-forge/noarch/docopt-0.6.2-py_1.tar.bz2#a9ed63e45579cfef026a916af2bc27c9
https://conda.anaconda.org/conda-forge/noarch/fsspec-0.8.2-py_0.tar.bz2#abe3ad4a90bee34f91d50318924f31a0
https://conda.anaconda.org/conda-forge/osx-64/glib-2.66.0-hdb5fb44_0.tar.bz2#3e052e8ee6780caf5c8f500cec4762c9
https://conda.anaconda.org/conda-forge/noarch/heapdict-1.0.1-py_0.tar.bz2#77242bfb1e74a627fb06319b5a2d3b95
https://conda.anaconda.org/conda-forge/noarch/idna-2.10-pyh9f0ad1d_0.tar.bz2#f95a12b4f435aae6680fe55ae2eb1b06
https://conda.anaconda.org/conda-forge/noarch/imagesize-1.2.0-py_0.tar.bz2#5879bd2c4b399a5072468e5fe587bf1b
https://conda.anaconda.org/conda-forge/noarch/iniconfig-1.0.1-pyh9f0ad1d_0.tar.bz2#b24cafcf37a962a001a237a6299f580d
https://conda.anaconda.org/conda-forge/noarch/ipython_genutils-0.2.0-py_1.tar.bz2#5071c982548b3a20caf70462f04f5287
https://conda.anaconda.org/conda-forge/osx-64/libcblas-3.8.0-17_openblas.tar.bz2#f5e84f9f770d0e1659fb7d90cd3cb539
https://conda.anaconda.org/conda-forge/osx-64/liblapack-3.8.0-17_openblas.tar.bz2#d37ad4c540d99ba3d09674994b774a16
https://conda.anaconda.org/conda-forge/noarch/locket-0.2.0-py_2.tar.bz2#709e8671651c7ec3d1ad07800339ff1d
https://conda.anaconda.org/conda-forge/noarch/monotonic-1.5-py_0.tar.bz2#0cc5fd0140497c3f1e2db2e7493b62b3
https://conda.anaconda.org/conda-forge/noarch/more-itertools-8.5.0-py_0.tar.bz2#3a2fa1ebe4306ae3190b1ed69a55b3fd
https://conda.anaconda.org/conda-forge/noarch/nest-asyncio-1.4.0-py_0.tar.bz2#3203f15095157b7e1238db3cf77799e5
https://conda.anaconda.org/conda-forge/noarch/olefile-0.46-py_0.tar.bz2#8a6d3394763144710916ecf556c6287d
https://conda.anaconda.org/conda-forge/noarch/pandocfilters-1.4.2-py_1.tar.bz2#ba6f4a308f1ea22abe1d72e72544af76
https://conda.anaconda.org/conda-forge/noarch/param-1.9.3-py_0.tar.bz2#7258dbe25d6f41d330ffb898932dcac2
https://conda.anaconda.org/conda-forge/noarch/parse-1.18.0-pyh9f0ad1d_0.tar.bz2#e8a128c0a6e9f7e04baf174d4109bdf4
https://conda.anaconda.org/conda-forge/noarch/parso-0.7.1-pyh9f0ad1d_0.tar.bz2#f66647d1ec805566d72ac26f62b19c01
https://conda.anaconda.org/conda-forge/osx-64/postgresql-12.3-h62ab893_0.tar.bz2#86aee0122a3380a0204e6646cc6e22a8
https://conda.anaconda.org/conda-forge/osx-64/proj-7.0.0-h45baca5_5.tar.bz2#1d299737b1128e68148dac429506bd1e
https://conda.anaconda.org/conda-forge/noarch/prometheus_client-0.8.0-pyh9f0ad1d_0.tar.bz2#0409863e03d2abb75d9b91b903697ed0
https://conda.anaconda.org/conda-forge/noarch/ptyprocess-0.6.0-py_1001.tar.bz2#0c3a56f1ab48cfb002c69b48f9e1ddc6
https://conda.anaconda.org/conda-forge/noarch/py-1.9.0-pyh9f0ad1d_0.tar.bz2#82beb69c4e05d65702bbde3c63d6ef58
https://conda.anaconda.org/conda-forge/noarch/pycparser-2.20-pyh9f0ad1d_2.tar.bz2#aa798d50ffd182a0f6f31478c7f434f6
https://conda.anaconda.org/conda-forge/noarch/pyparsing-2.4.7-pyh9f0ad1d_0.tar.bz2#626c4f20d5bf06dcec9cf2eaa31725c7
https://conda.anaconda.org/conda-forge/noarch/pyshp-2.1.2-pyh9f0ad1d_0.tar.bz2#3362c351288584f00000c3ce31b5bbdf
https://conda.anaconda.org/conda-forge/osx-64/python_abi-3.7-1_cp37m.tar.bz2#d2cb192f8948ea603927a71f015574dd
https://conda.anaconda.org/conda-forge/noarch/pytz-2020.1-pyh9f0ad1d_0.tar.bz2#e52abc1f0fd70e05001c1ceb2696f625
https://conda.anaconda.org/conda-forge/noarch/send2trash-1.5.0-py_0.tar.bz2#c3779037a635e1150f1c53c28b875949
https://conda.anaconda.org/conda-forge/noarch/six-1.15.0-pyh9f0ad1d_0.tar.bz2#1eec421f0f1f39e579e44e4a5ce646a2
https://conda.anaconda.org/conda-forge/noarch/snowballstemmer-2.0.0-py_0.tar.bz2#fa34c3e7fb741022eb79169c354ca1ae
https://conda.anaconda.org/conda-forge/noarch/sortedcontainers-2.2.2-pyh9f0ad1d_0.tar.bz2#966cf410576873c60089e242b9d2fcc6
https://conda.anaconda.org/conda-forge/noarch/sphinxcontrib-applehelp-1.0.2-py_0.tar.bz2#20b2eaeaeea4ef9a9a0d99770620fd09
https://conda.anaconda.org/conda-forge/noarch/sphinxcontrib-devhelp-1.0.2-py_0.tar.bz2#68e01cac9d38d0e717cd5c87bc3d2cc9
https://conda.anaconda.org/conda-forge/noarch/sphinxcontrib-htmlhelp-1.0.3-py_0.tar.bz2#4508a40465ebf0105e52f7194f299411
https://conda.anaconda.org/conda-forge/noarch/sphinxcontrib-jsmath-1.0.1-py_0.tar.bz2#67cd9d9c0382d37479b4d306c369a2d4
https://conda.anaconda.org/conda-forge/noarch/sphinxcontrib-qthelp-1.0.3-py_0.tar.bz2#d01180388e6d1838c3e1ad029590aa7a
https://conda.anaconda.org/conda-forge/noarch/sphinxcontrib-serializinghtml-1.1.4-py_0.tar.bz2#8ea6a8036e28dba8827d35c764709358
https://conda.anaconda.org/conda-forge/noarch/tblib-1.6.0-py_0.tar.bz2#0e1562c39e804e0d7df8650626379caa
https://conda.anaconda.org/conda-forge/noarch/testpath-0.4.4-py_0.tar.bz2#3b98fff4d5342bebde2ecaa314f796f9
https://conda.anaconda.org/conda-forge/noarch/toml-0.10.1-pyh9f0ad1d_0.tar.bz2#ca47d0ef822fd23b7ec9771a36645e5e
https://conda.anaconda.org/conda-forge/noarch/toolz-0.10.0-py_0.tar.bz2#9b38c091d24a308daf386f1e82d9d3a9
https://conda.anaconda.org/conda-forge/noarch/tqdm-4.49.0-pyh9f0ad1d_0.tar.bz2#cf2c9845ec31ada2bbca8bfea1e33fcd
https://conda.anaconda.org/conda-forge/noarch/typing_extensions-3.7.4.2-py_0.tar.bz2#235133b5ac204ecadf84cd07bab4fbe3
https://conda.anaconda.org/conda-forge/noarch/webencodings-0.5.1-py_1.tar.bz2#3563be4c5611a44210d9ba0c16113136
https://conda.anaconda.org/conda-forge/noarch/wheel-0.35.1-pyh9f0ad1d_0.tar.bz2#126827869be32f21872a2b30ebe2b038
https://conda.anaconda.org/conda-forge/noarch/zipp-3.1.0-py_0.tar.bz2#61948e426a3a3ec1fa7c90a44c2585d1
https://conda.anaconda.org/conda-forge/osx-64/appnope-0.1.0-py37hc8dfbb8_1001.tar.bz2#350a67575e96e244c886c4a350528eb3
https://conda.anaconda.org/conda-forge/noarch/babel-2.8.0-py_0.tar.bz2#2d6d06e3b9884b2446ed7d6e10db9eb3
https://conda.anaconda.org/conda-forge/osx-64/cairo-1.16.0-hec6a9b0_1003.tar.bz2#bb05311d729dea72ab03599e7cc4fa27
https://conda.anaconda.org/conda-forge/osx-64/certifi-2020.6.20-py37hc8dfbb8_0.tar.bz2#d39de33b3d373c87b3664ceab0037c3b
https://conda.anaconda.org/conda-forge/osx-64/cffi-1.14.1-py37hf5b7abd_0.tar.bz2#2573d85b7551041afeda2354f6820544
https://conda.anaconda.org/conda-forge/osx-64/chardet-3.0.4-py37hc8dfbb8_1006.tar.bz2#2ba299bc0ed276573f82b3124aaabf64
https://conda.anaconda.org/conda-forge/noarch/click-plugins-1.1.1-py_0.tar.bz2#4fd2c6b53934bd7d96d1f3fdaf99b79f
https://conda.anaconda.org/conda-forge/noarch/cligj-0.5.0-py_0.tar.bz2#a559037c0c463477b91a94a1b9fc5a6f
https://conda.anaconda.org/conda-forge/noarch/configobj-5.0.6-py_0.tar.bz2#e46ba874295e2eda5593650895777913
https://conda.anaconda.org/conda-forge/osx-64/coverage-5.3-py37h60d8a13_0.tar.bz2#a3a00e0a589bc30c31792361a7a57a2e
https://conda.anaconda.org/conda-forge/noarch/cycler-0.10.0-py_2.tar.bz2#f6d7c7e6d8f42cbbec7e07a8d879f91c
https://conda.anaconda.org/conda-forge/osx-64/cython-0.29.21-py37h570ac47_0.tar.bz2#effd215504157489c56038d8bfc95b36
https://conda.anaconda.org/conda-forge/osx-64/cytoolz-0.10.1-py37h0b31af3_0.tar.bz2#111a291ae807712f33f062f89be1d1b2
https://conda.anaconda.org/conda-forge/osx-64/docutils-0.16-py37hc8dfbb8_1.tar.bz2#1a4051ffcb26bb248b106cb44f6119ca
https://conda.anaconda.org/conda-forge/osx-64/entrypoints-0.3-py37hc8dfbb8_1001.tar.bz2#b7aac483541e38cc0c9d37cb8c66e748
https://conda.anaconda.org/conda-forge/noarch/fasteners-0.14.1-py_3.tar.bz2#8af0bf3cfe806fb001d9923b4fe1594b
https://conda.anaconda.org/conda-forge/osx-64/geotiff-1.6.0-hd8796ba_0.tar.bz2#eb7e2d0ffc50035c1be371ae2a1611d7
https://conda.anaconda.org/conda-forge/osx-64/importlib-metadata-1.7.0-py37hc8dfbb8_0.tar.bz2#73ac2b48775a90bf8607e17638bd7779
https://conda.anaconda.org/conda-forge/osx-64/jedi-0.17.2-py37hc8dfbb8_0.tar.bz2#47eded75d699b52b33d401d37266cee8
https://conda.anaconda.org/conda-forge/osx-64/kiwisolver-1.2.0-py37ha1cc60f_0.tar.bz2#c448eba3fab2cacd4868f018b916ba5d
https://conda.anaconda.org/conda-forge/osx-64/libdap4-3.20.6-h993cace_1.tar.bz2#ed1095443fd5d1596af4250dd4bd39b9
https://conda.anaconda.org/conda-forge/osx-64/libnetcdf-4.7.4-nompi_hc5b2cf3_105.tar.bz2#3047ce0f2d8887923b74e544dad1b151
https://conda.anaconda.org/conda-forge/osx-64/libspatialite-4.3.0a-h658e6c1_1038.tar.bz2#a9340526bd60f5bd706e27ad3e8f642d
https://conda.anaconda.org/conda-forge/osx-64/llvmlite-0.34.0-py37h3986384_1.tar.bz2#43e074663fb9a49cc9fab1201184ce0e
https://conda.anaconda.org/conda-forge/osx-64/markupsafe-1.1.1-py37h9bfed18_1.tar.bz2#4a79a8479a9551ef7f87b03c17da7867
https://conda.anaconda.org/conda-forge/osx-64/mistune-0.8.4-py37h9bfed18_1001.tar.bz2#fb2b7e34bb98944a74cc4f06955e8001
https://conda.anaconda.org/conda-forge/osx-64/msgpack-python-1.0.0-py37ha1cc60f_1.tar.bz2#34bb0dfa4cdd64e76b06f935b99ae9c3
https://conda.anaconda.org/conda-forge/noarch/multipledispatch-0.6.0-py_0.tar.bz2#1073dc92c8f247d94ac14dd79ca0bbec
https://conda.anaconda.org/conda-forge/osx-64/numpy-1.19.1-py37h1efc2f6_2.tar.bz2#cf178df12ad07b66c0dee3175d3f7502
https://conda.anaconda.org/conda-forge/noarch/packaging-20.4-pyh9f0ad1d_0.tar.bz2#6d160f7346ac815500b5475d9a0f88a9
https://conda.anaconda.org/conda-forge/osx-64/parse_type-0.5.2-py37hc8dfbb8_1.tar.bz2#875334bec7523f89ff4b220deea2d64f
https://conda.anaconda.org/conda-forge/noarch/partd-1.1.0-py_0.tar.bz2#4afbf2cdf4e6ad279080d3adb5cefaae
https://conda.anaconda.org/conda-forge/osx-64/pexpect-4.8.0-py37hc8dfbb8_1.tar.bz2#249ce152201450091b9dcfa4b1438590
https://conda.anaconda.org/conda-forge/osx-64/pickleshare-0.7.5-py37hc8dfbb8_1001.tar.bz2#ef95100f59e4cc126096c0e7d56ad6a6
https://conda.anaconda.org/conda-forge/osx-64/pillow-7.2.0-py37hfd78ece_1.tar.bz2#35a9fd2baf37bdb3d22b09ee1af82024
https://conda.anaconda.org/conda-forge/osx-64/psutil-5.7.2-py37h60d8a13_0.tar.bz2#2e23dfbbb0881cd6303ebfa62e30d3b8
https://conda.anaconda.org/conda-forge/noarch/pyct-core-0.4.6-py_0.tar.bz2#55ec526f95e0959de3f68bc6289a20da
https://conda.anaconda.org/conda-forge/osx-64/pyproj-2.6.1.post1-py37hbd4ead9_0.tar.bz2#60e1ff6a680f023c61073bafbdee75e7
https://conda.anaconda.org/conda-forge/osx-64/pyrsistent-0.17.3-py37h60d8a13_0.tar.bz2#94f2aed22c54c837e839b349e68a327c
https://conda.anaconda.org/conda-forge/osx-64/pysocks-1.7.1-py37hc8dfbb8_1.tar.bz2#e04eb80e387daf290b2a6a22dd4e5048
https://conda.anaconda.org/conda-forge/noarch/python-dateutil-2.8.1-py_0.tar.bz2#0d0150ed9c2d25817f5324108d3f7571
https://conda.anaconda.org/conda-forge/noarch/pyviz_comms-0.7.6-pyh9f0ad1d_0.tar.bz2#16fc2f91123d2b040c4e101ec47c8660
https://conda.anaconda.org/conda-forge/osx-64/pyyaml-5.3.1-py37h9bfed18_0.tar.bz2#674f757541bad6aab3ab2d8451c1dd13
https://conda.anaconda.org/conda-forge/osx-64/pyzmq-19.0.2-py37hf1e22d8_0.tar.bz2#c2492af1a31813a2521b796b321d131f
https://conda.anaconda.org/conda-forge/osx-64/rtree-0.9.4-py37h8526d28_1.tar.bz2#6975cc95b28cff3c51e73510eaa7ba36
https://conda.anaconda.org/conda-forge/osx-64/tiledb-1.7.7-h84aa2a7_3.tar.bz2#3cfcb8f8944e2384603f6d052169d39c
https://conda.anaconda.org/conda-forge/osx-64/tornado-6.0.4-py37h9bfed18_1.tar.bz2#829661629c8cea96982bbb9ec5431cb5
https://conda.anaconda.org/conda-forge/noarch/traitlets-5.0.4-py_0.tar.bz2#c75376bed2140d3851e6081450513059
https://conda.anaconda.org/conda-forge/noarch/zict-2.0.0-py_0.tar.bz2#4750152be22f24d695b3004c5e1712d3
https://conda.anaconda.org/conda-forge/osx-64/argon2-cffi-20.1.0-py37h60d8a13_1.tar.bz2#b04491c7ebd0cc299cba6cb2ed230d79
https://conda.anaconda.org/conda-forge/osx-64/behave-1.2.6-py37hc8dfbb8_1001.tar.bz2#8eaa6efe40c01c4d70c2bf348404f16c
https://conda.anaconda.org/conda-forge/osx-64/brotlipy-0.7.0-py37h9bfed18_1000.tar.bz2#eb689d0d236177c594847c05e673a714
https://conda.anaconda.org/conda-forge/osx-64/cftime-1.2.1-py37h5be27a9_0.tar.bz2#f626440bbbacc39acd11d4d1ae7b0d7f
https://conda.anaconda.org/conda-forge/osx-64/cryptography-3.1-py37h94e4008_0.tar.bz2#693dfb79f47481cb0f347ff89540f9dd
https://conda.anaconda.org/conda-forge/noarch/dask-core-2.26.0-py_0.tar.bz2#bb02c154b4e311352d635f74e3ce3e41
https://conda.anaconda.org/conda-forge/noarch/datashape-0.5.4-py_1.tar.bz2#50ddfce434ea596fc4497085f403a9d5
https://conda.anaconda.org/conda-forge/osx-64/eccodes-2.18.0-h031fe05_0.tar.bz2#a4aa32e4b70cd64f06ec704bbadc6563
https://conda.anaconda.org/conda-forge/osx-64/h5py-2.10.0-nompi_py37h28defc4_104.tar.bz2#5902d37de3875500a765ebdda31b350c
https://conda.anaconda.org/conda-forge/noarch/imageio-2.9.0-py_0.tar.bz2#62ad9e579278e777d4abaa8c9312b6a7
https://conda.anaconda.org/conda-forge/noarch/importlib_metadata-1.7.0-0.tar.bz2#3e6503b25200f60149cce699a47cf09e
https://conda.anaconda.org/conda-forge/osx-64/jupyter_core-4.6.3-py37hc8dfbb8_1.tar.bz2#58c752f9d23bf3d6f04a1371cb55888e
https://conda.anaconda.org/conda-forge/noarch/markdown-3.2.2-py_0.tar.bz2#f09d9ef8bd8db224f56d1442725249a0
https://conda.anaconda.org/conda-forge/osx-64/numcodecs-0.7.1-py37hdadc0f0_0.tar.bz2#1ea5a9399f5fd07a3ca2ed68f4fc1061
https://conda.anaconda.org/conda-forge/osx-64/pandas-1.1.2-py37hdadc0f0_0.tar.bz2#e27a2fd0c3158ee2d56460488badf2d0
https://conda.anaconda.org/conda-forge/osx-64/poppler-0.87.0-h3232a60_1.tar.bz2#75b1f68077f1f720ec6bb2faa3d02c16
https://conda.anaconda.org/conda-forge/osx-64/pyhdf-0.10.2-py37hcfd784f_1.tar.bz2#fe5d874230bb49ec6c2d03e1ad0b5da8
https://conda.anaconda.org/conda-forge/osx-64/pykdtree-1.3.1-py37h10e2902_1003.tar.bz2#43bd3138b04024d55345d154986cc62d
https://conda.anaconda.org/conda-forge/osx-64/scipy-1.5.2-py37h2702c91_0.tar.bz2#b72d680bfba055e913a3a1314a73901f
https://conda.anaconda.org/conda-forge/osx-64/setuptools-49.6.0-py37hc8dfbb8_0.tar.bz2#c0d703d2b3a993653907e0a56477e6ed
https://conda.anaconda.org/conda-forge/osx-64/shapely-1.7.1-py37h40e7c26_0.tar.bz2#ce043f1a8d7cba5defbcb6bab8134e29
https://conda.anaconda.org/conda-forge/noarch/snuggs-1.4.7-py_0.tar.bz2#cb83a3d6ecf73f50117635192414426a
https://conda.anaconda.org/conda-forge/osx-64/terminado-0.8.3-py37hc8dfbb8_1.tar.bz2#5372af80cad71eb6470397a63a60d51c
https://conda.anaconda.org/conda-forge/noarch/backports.functools_lru_cache-1.6.1-py_0.tar.bz2#d36df15eaef96549ce6231e3088fba54
https://conda.anaconda.org/conda-forge/noarch/bleach-3.1.5-pyh9f0ad1d_0.tar.bz2#fdd3428764b35bd251798db254a9bdea
https://conda.anaconda.org/conda-forge/osx-64/distributed-2.26.0-py37hc8dfbb8_0.tar.bz2#48b7927edf19ee7822338ba955424166
https://conda.anaconda.org/conda-forge/noarch/h5netcdf-0.8.1-py_0.tar.bz2#0181638a03dbead1e8b2ff3bdb54d24e
https://conda.anaconda.org/conda-forge/noarch/jinja2-2.11.2-pyh9f0ad1d_0.tar.bz2#e8a5d614d1a27bdba00059ca062a0551
https://conda.anaconda.org/conda-forge/osx-64/jsonschema-3.2.0-py37hc8dfbb8_1.tar.bz2#11b7f1fc53fc89eb0642fd2fbb04d7e6
https://conda.anaconda.org/conda-forge/noarch/jupyter_client-6.1.7-py_0.tar.bz2#bcaa486602c05413da0808b82898f60a
https://conda.anaconda.org/conda-forge/osx-64/libgdal-3.0.4-h242383b_10.tar.bz2#c2f39d2a8f946ada2a23a7c18b223872
https://conda.anaconda.org/conda-forge/osx-64/matplotlib-base-3.3.1-py37h886f89f_1.tar.bz2#f9f04a3f9296734414cb5a0c009668bb
https://conda.anaconda.org/conda-forge/noarch/munch-2.5.0-py_0.tar.bz2#31d9e9be500e25ff0050bc9f57a6bcd7
https://conda.anaconda.org/conda-forge/osx-64/netcdf4-1.5.4-nompi_py37h08081e3_102.tar.bz2#6b1e68d283188fa3596e9b89924f41ff
https://conda.anaconda.org/conda-forge/osx-64/numba-0.51.2-py37h6d0141a_0.tar.bz2#3a1b2b21fb0a5104555907e93190a4f3
https://conda.anaconda.org/conda-forge/noarch/pip-20.2.3-py_0.tar.bz2#2a473e697f17443a8647c3d7d22043d3
https://conda.anaconda.org/conda-forge/osx-64/pluggy-0.13.1-py37hc8dfbb8_2.tar.bz2#7996fa61764b6ec6f021fec9fde00954
https://conda.anaconda.org/conda-forge/noarch/pygments-2.7.0-py_0.tar.bz2#4047a6e9bc29036439ed352a38077592
https://conda.anaconda.org/conda-forge/noarch/pyopenssl-19.1.0-py_1.tar.bz2#ef3d970a6de9bc902d233e59f746b7cd
https://conda.anaconda.org/conda-forge/osx-64/pyresample-1.16.0-py37h94625e5_0.tar.bz2#0a1e00cfbb98ca914844dc259d6271c3
https://conda.anaconda.org/conda-forge/osx-64/python-eccodes-2020.06.0-py37h10e2902_0.tar.bz2#b82f9431d96e571589ca2acc8298d5a8
https://conda.anaconda.org/conda-forge/noarch/xarray-0.16.0-py_0.tar.bz2#a9d4fbd79e09a857acbce265a028dac7
https://conda.anaconda.org/conda-forge/noarch/zarr-2.4.0-py_0.tar.bz2#57d5031b1a07f73f6a671fba6eccbd2a
https://conda.anaconda.org/conda-forge/osx-64/bokeh-2.2.1-py37hc8dfbb8_0.tar.bz2#340732a7a69dd8583e92a40c0a1cdb91
https://conda.anaconda.org/conda-forge/osx-64/gdal-3.0.4-py37h08e9697_10.tar.bz2#c00028023d329b2f48e9e9050e1a21bf
https://conda.anaconda.org/conda-forge/noarch/jupyterlab_pygments-0.1.1-pyh9f0ad1d_0.tar.bz2#1dcc48a573e69b44f9065dbe665fc186
https://conda.anaconda.org/conda-forge/osx-64/matplotlib-3.3.1-1.tar.bz2#1c4872bfb7000ddd985ecbf32ca7ffa9
https://conda.anaconda.org/conda-forge/noarch/nbformat-5.0.7-py_0.tar.bz2#7f9984ee165126ac09d9eb678052783d
https://conda.anaconda.org/conda-forge/osx-64/pytest-6.0.2-py37hc8dfbb8_0.tar.bz2#6364160c44bc051a07cfa45109eeba00
https://conda.anaconda.org/conda-forge/osx-64/rasterio-1.1.5-py37hfd922e9_1.tar.bz2#00a0ce4c8aaae856146cce91bace02ed
https://conda.anaconda.org/conda-forge/noarch/urllib3-1.25.10-py_0.tar.bz2#82cde2a532177697e42a090add881db8
https://conda.anaconda.org/conda-forge/noarch/wcwidth-0.2.5-pyh9f0ad1d_1.tar.bz2#ac581f74f00d4d9f5acec2449f310e70
https://conda.anaconda.org/conda-forge/noarch/dask-2.26.0-py_0.tar.bz2#5a96f2717d0dc41c1a8346353b8d6d28
https://conda.anaconda.org/conda-forge/osx-64/fiona-1.8.13-py37h9c7205d_1.tar.bz2#d8ede2cd573b5a712ea12af9fc552c43
https://conda.anaconda.org/conda-forge/noarch/nbclient-0.5.0-py_0.tar.bz2#1c95e6cf38f219566e281979a3a1bd27
https://conda.anaconda.org/conda-forge/noarch/prompt-toolkit-3.0.7-py_0.tar.bz2#32341741e1d778b2c54bb42191cf8571
https://conda.anaconda.org/conda-forge/noarch/pytest-cov-2.10.1-pyh9f0ad1d_0.tar.bz2#0d83b4ea58595e9f685c51ba31f63116
https://conda.anaconda.org/conda-forge/noarch/requests-2.24.0-pyh9f0ad1d_0.tar.bz2#786ef230ca5cf2536e9dee910fdf4f9f
https://conda.anaconda.org/conda-forge/noarch/codecov-2.1.9-pyh9f0ad1d_0.tar.bz2#a7da1266ea1c51cebf8dfca377d0f21e
https://conda.anaconda.org/conda-forge/noarch/coveralls-2.1.2-py_0.tar.bz2#ee301e1f1cbace6b0daabb7e77ef7eab
https://conda.anaconda.org/conda-forge/noarch/geopandas-0.8.1-py_0.tar.bz2#77401947aaa42c713c69cdf8817e1df0
https://conda.anaconda.org/conda-forge/osx-64/ipython-7.18.1-py37hc6149b9_0.tar.bz2#cbe09101edeff4b41beb711754a25c3b
https://conda.anaconda.org/conda-forge/osx-64/nbconvert-6.0.2-py37hc8dfbb8_0.tar.bz2#58f35f595c7ca72447717bdbbec168d7
https://conda.anaconda.org/conda-forge/noarch/owslib-0.20.0-py_0.tar.bz2#d9f1280ab8723862dd8b30f4f9c241e0
https://conda.anaconda.org/conda-forge/noarch/pyct-0.4.6-py_0.tar.bz2#42d91c89bc3993ec88681cffd3c0e326
https://conda.anaconda.org/conda-forge/noarch/pyepsg-0.4.0-py_0.tar.bz2#c3de0e5a1931c6732457300d2832f02f
https://conda.anaconda.org/conda-forge/noarch/sphinx-3.2.1-py_0.tar.bz2#6775ce3cbf77a9447eacd1592858a738
https://conda.anaconda.org/conda-forge/osx-64/cartopy-0.18.0-py37h08e9697_0.tar.bz2#29436e8452556e678eb9167d6b414be2
https://conda.anaconda.org/conda-forge/noarch/colorcet-2.0.1-py_0.tar.bz2#aa65c1760b4ccc79d3be1fb3a7060de8
https://conda.anaconda.org/conda-forge/osx-64/ipykernel-5.3.4-py37h43977f1_0.tar.bz2#ae9b2402087aafc35d34bd61cb3c49ec
https://conda.anaconda.org/conda-forge/noarch/panel-0.9.7-py_0.tar.bz2#b5147a3905e3984233a7e29f690b50db
https://conda.anaconda.org/conda-forge/noarch/datashader-0.11.1-pyh9f0ad1d_0.tar.bz2#4ab5768acaf1b47ef78818825b3e2bf0
https://conda.anaconda.org/conda-forge/osx-64/notebook-6.1.4-py37hc8dfbb8_0.tar.bz2#080717d83c8f45785d9fe9b07f170086
https://conda.anaconda.org/conda-forge/noarch/holoviews-1.13.3-pyh9f0ad1d_0.tar.bz2#5bb8a7d79d6ebf66fdbae13fa4ea1b6b
https://conda.anaconda.org/conda-forge/noarch/geoviews-core-1.8.1-py_0.tar.bz2#035a845a6d0faac84d33a63dcc84e428
https://conda.anaconda.org/conda-forge/noarch/geoviews-1.8.1-py_0.tar.bz2#29062ab20a9543d77ae3353201697b9d
